
Microsoft Visual Studio Solution File, Format Version 12.00
# Visual Studio Version 16
VisualStudioVersion = 16.0.30717.126
MinimumVisualStudioVersion = 10.0.40219.1
Project("{FAE04EC0-301F-11D3-BF4B-00C04F79EFBC}") = "AcidRain", "AcidRain\AcidRain.csproj", "{0368D985-81E0-4AFC-81FE-CCE1D009582F}"
EndProject
Global
	GlobalSection(SolutionConfigurationPlatforms) = preSolution
		Debug|Any CPU = Debug|Any CPU
		Release|Any CPU = Release|Any CPU
	EndGlobalSection
	GlobalSection(ProjectConfigurationPlatforms) = postSolution
		{0368D985-81E0-4AFC-81FE-CCE1D009582F}.Debug|Any CPU.ActiveCfg = Debug|Any CPU
		{0368D985-81E0-4AFC-81FE-CCE1D009582F}.Debug|Any CPU.Build.0 = Debug|Any CPU
		{0368D985-81E0-4AFC-81FE-CCE1D009582F}.Release|Any CPU.ActiveCfg = Release|Any CPU
		{0368D985-81E0-4AFC-81FE-CCE1D009582F}.Release|Any CPU.Build.0 = Release|Any CPU
	EndGlobalSection
	GlobalSection(SolutionProperties) = preSolution
		HideSolutionNode = FALSE
	EndGlobalSection
	GlobalSection(ExtensibilityGlobals) = postSolution
		SolutionGuid = {81184DCB-C8D5-431D-A9AA-50A64C8654D6}
	EndGlobalSection
EndGlobal
